
Microsoft Visual Studio Solution File, Format Version 12.00
# Visual Studio Version 16
VisualStudioVersion = 16.0.31410.357
MinimumVisualStudioVersion = 10.0.40219.1
Project("{FAE04EC0-301F-11D3-BF4B-00C04F79EFBC}") = "project-oop-classes", "project-oop-classes\project-oop-classes.csproj", "{52E83B60-FB07-4BC7-852F-34BBA59D39DA}"
EndProject
Global
	GlobalSection(SolutionConfigurationPlatforms) = preSolution
		Debug|Any CPU = Debug|Any CPU
		Release|Any CPU = Release|Any CPU
	EndGlobalSection
	GlobalSection(ProjectConfigurationPlatforms) = postSolution
		{52E83B60-FB07-4BC7-852F-34BBA59D39DA}.Debug|Any CPU.ActiveCfg = Debug|Any CPU
		{52E83B60-FB07-4BC7-852F-34BBA59D39DA}.Debug|Any CPU.Build.0 = Debug|Any CPU
		{52E83B60-FB07-4BC7-852F-34BBA59D39DA}.Release|Any CPU.ActiveCfg = Release|Any CPU
		{52E83B60-FB07-4BC7-852F-34BBA59D39DA}.Release|Any CPU.Build.0 = Release|Any CPU
	EndGlobalSection
	GlobalSection(SolutionProperties) = preSolution
		HideSolutionNode = FALSE
	EndGlobalSection
	GlobalSection(ExtensibilityGlobals) = postSolution
		SolutionGuid = {D5E8D6CB-7C53-4377-9E73-54674A41083A}
	EndGlobalSection
EndGlobal
