
Microsoft Visual Studio Solution File, Format Version 12.00
# Visual Studio Version 16
VisualStudioVersion = 16.0.31129.286
MinimumVisualStudioVersion = 10.0.40219.1
Project("{9A19103F-16F7-4668-BE54-9A1E7A4F7556}") = "HelloWorld.ConsoleApp", "HelloWorld.ConsoleApp\HelloWorld.ConsoleApp.csproj", "{60E7D806-BF96-44A4-9A33-3DCF17ADAEE9}"
EndProject
Project("{9A19103F-16F7-4668-BE54-9A1E7A4F7556}") = "OopConcepts.ConsoleApp", "OopConcepts.ConsoleApp\OopConcepts.ConsoleApp.csproj", "{880F798C-C711-4215-BD7E-BFFD3CF94FFC}"
EndProject
Project("{9A19103F-16F7-4668-BE54-9A1E7A4F7556}") = "GlassPaper.Exercise.ClassLibrary", "GlassPaper.Exercise\GlassPaper.Exercise.ClassLibrary.csproj", "{2F2EB00D-E6B1-4E40-B13F-3FCF82E27B01}"
EndProject
Project("{9A19103F-16F7-4668-BE54-9A1E7A4F7556}") = "GlassPaper.Exercise.ConsoleApp", "GlassPaper.Exercise.ConsoleApp\GlassPaper.Exercise.ConsoleApp.csproj", "{3520046F-73FA-4612-94DA-B9CA7DDE1FCD}"
EndProject
Project("{9A19103F-16F7-4668-BE54-9A1E7A4F7556}") = "Excercise.NumberContainsADigit.ConsoleApp", "Excercise.NumberContainsADigit.ConsoleApp\Excercise.NumberContainsADigit.ConsoleApp.csproj", "{8DD71D9D-03D2-4DE8-B3A9-F88A90962825}"
EndProject
Project("{9A19103F-16F7-4668-BE54-9A1E7A4F7556}") = "Exercise.AddAndMultiply.ConsoleApp", "Exercise.AddAndMultiply.ConsoleApp\Exercise.AddAndMultiply.ConsoleApp.csproj", "{94329E80-56E9-47AD-86BF-25AA05063E2B}"
EndProject
Project("{9A19103F-16F7-4668-BE54-9A1E7A4F7556}") = "Exercise.CheckLeafYear.ConsoleApp", "Exercise.CheckLeafYear.ConsoleApp\Exercise.CheckLeafYear.ConsoleApp.csproj", "{369CA575-B7AD-46D8-83E6-97F0E7784689}"
EndProject
Project("{FAE04EC0-301F-11D3-BF4B-00C04F79EFBC}") = "Exercise.IsPalindrome.ConsoleApp", "Exercise.IsPalindrome.ConsoleApp\Exercise.IsPalindrome.ConsoleApp.csproj", "{1462F48E-FD98-45DF-A728-E0B62C0B0104}"
EndProject
Global
	GlobalSection(SolutionConfigurationPlatforms) = preSolution
		Debug|Any CPU = Debug|Any CPU
		Release|Any CPU = Release|Any CPU
	EndGlobalSection
	GlobalSection(ProjectConfigurationPlatforms) = postSolution
		{60E7D806-BF96-44A4-9A33-3DCF17ADAEE9}.Debug|Any CPU.ActiveCfg = Debug|Any CPU
		{60E7D806-BF96-44A4-9A33-3DCF17ADAEE9}.Debug|Any CPU.Build.0 = Debug|Any CPU
		{60E7D806-BF96-44A4-9A33-3DCF17ADAEE9}.Release|Any CPU.ActiveCfg = Release|Any CPU
		{60E7D806-BF96-44A4-9A33-3DCF17ADAEE9}.Release|Any CPU.Build.0 = Release|Any CPU
		{880F798C-C711-4215-BD7E-BFFD3CF94FFC}.Debug|Any CPU.ActiveCfg = Debug|Any CPU
		{880F798C-C711-4215-BD7E-BFFD3CF94FFC}.Debug|Any CPU.Build.0 = Debug|Any CPU
		{880F798C-C711-4215-BD7E-BFFD3CF94FFC}.Release|Any CPU.ActiveCfg = Release|Any CPU
		{880F798C-C711-4215-BD7E-BFFD3CF94FFC}.Release|Any CPU.Build.0 = Release|Any CPU
		{2F2EB00D-E6B1-4E40-B13F-3FCF82E27B01}.Debug|Any CPU.ActiveCfg = Debug|Any CPU
		{2F2EB00D-E6B1-4E40-B13F-3FCF82E27B01}.Debug|Any CPU.Build.0 = Debug|Any CPU
		{2F2EB00D-E6B1-4E40-B13F-3FCF82E27B01}.Release|Any CPU.ActiveCfg = Release|Any CPU
		{2F2EB00D-E6B1-4E40-B13F-3FCF82E27B01}.Release|Any CPU.Build.0 = Release|Any CPU
		{3520046F-73FA-4612-94DA-B9CA7DDE1FCD}.Debug|Any CPU.ActiveCfg = Debug|Any CPU
		{3520046F-73FA-4612-94DA-B9CA7DDE1FCD}.Debug|Any CPU.Build.0 = Debug|Any CPU
		{3520046F-73FA-4612-94DA-B9CA7DDE1FCD}.Release|Any CPU.ActiveCfg = Release|Any CPU
		{3520046F-73FA-4612-94DA-B9CA7DDE1FCD}.Release|Any CPU.Build.0 = Release|Any CPU
		{8DD71D9D-03D2-4DE8-B3A9-F88A90962825}.Debug|Any CPU.ActiveCfg = Debug|Any CPU
		{8DD71D9D-03D2-4DE8-B3A9-F88A90962825}.Debug|Any CPU.Build.0 = Debug|Any CPU
		{8DD71D9D-03D2-4DE8-B3A9-F88A90962825}.Release|Any CPU.ActiveCfg = Release|Any CPU
		{8DD71D9D-03D2-4DE8-B3A9-F88A90962825}.Release|Any CPU.Build.0 = Release|Any CPU
		{94329E80-56E9-47AD-86BF-25AA05063E2B}.Debug|Any CPU.ActiveCfg = Debug|Any CPU
		{94329E80-56E9-47AD-86BF-25AA05063E2B}.Debug|Any CPU.Build.0 = Debug|Any CPU
		{94329E80-56E9-47AD-86BF-25AA05063E2B}.Release|Any CPU.ActiveCfg = Release|Any CPU
		{94329E80-56E9-47AD-86BF-25AA05063E2B}.Release|Any CPU.Build.0 = Release|Any CPU
		{369CA575-B7AD-46D8-83E6-97F0E7784689}.Debug|Any CPU.ActiveCfg = Debug|Any CPU
		{369CA575-B7AD-46D8-83E6-97F0E7784689}.Debug|Any CPU.Build.0 = Debug|Any CPU
		{369CA575-B7AD-46D8-83E6-97F0E7784689}.Release|Any CPU.ActiveCfg = Release|Any CPU
		{369CA575-B7AD-46D8-83E6-97F0E7784689}.Release|Any CPU.Build.0 = Release|Any CPU
		{1462F48E-FD98-45DF-A728-E0B62C0B0104}.Debug|Any CPU.ActiveCfg = Debug|Any CPU
		{1462F48E-FD98-45DF-A728-E0B62C0B0104}.Debug|Any CPU.Build.0 = Debug|Any CPU
		{1462F48E-FD98-45DF-A728-E0B62C0B0104}.Release|Any CPU.ActiveCfg = Release|Any CPU
		{1462F48E-FD98-45DF-A728-E0B62C0B0104}.Release|Any CPU.Build.0 = Release|Any CPU
	EndGlobalSection
	GlobalSection(SolutionProperties) = preSolution
		HideSolutionNode = FALSE
	EndGlobalSection
	GlobalSection(ExtensibilityGlobals) = postSolution
		SolutionGuid = {B416643E-064B-4550-88D5-BFBEDD6C9C3E}
	EndGlobalSection
EndGlobal
