
Microsoft Visual Studio Solution File, Format Version 12.00
# Visual Studio Version 16
VisualStudioVersion = 16.0.31129.286
MinimumVisualStudioVersion = 10.0.40219.1
Project("{FAE04EC0-301F-11D3-BF4B-00C04F79EFBC}") = "HelloWorld.ConsoleApp", "HelloWorld.ConsoleApp\HelloWorld.ConsoleApp.csproj", "{60E7D806-BF96-44A4-9A33-3DCF17ADAEE9}"
EndProject
Project("{FAE04EC0-301F-11D3-BF4B-00C04F79EFBC}") = "OopConcepts.ConsoleApp", "OopConcepts.ConsoleApp\OopConcepts.ConsoleApp.csproj", "{880F798C-C711-4215-BD7E-BFFD3CF94FFC}"
EndProject
Global
	GlobalSection(SolutionConfigurationPlatforms) = preSolution
		Debug|Any CPU = Debug|Any CPU
		Release|Any CPU = Release|Any CPU
	EndGlobalSection
	GlobalSection(ProjectConfigurationPlatforms) = postSolution
		{60E7D806-BF96-44A4-9A33-3DCF17ADAEE9}.Debug|Any CPU.ActiveCfg = Debug|Any CPU
		{60E7D806-BF96-44A4-9A33-3DCF17ADAEE9}.Debug|Any CPU.Build.0 = Debug|Any CPU
		{60E7D806-BF96-44A4-9A33-3DCF17ADAEE9}.Release|Any CPU.ActiveCfg = Release|Any CPU
		{60E7D806-BF96-44A4-9A33-3DCF17ADAEE9}.Release|Any CPU.Build.0 = Release|Any CPU
		{880F798C-C711-4215-BD7E-BFFD3CF94FFC}.Debug|Any CPU.ActiveCfg = Debug|Any CPU
		{880F798C-C711-4215-BD7E-BFFD3CF94FFC}.Debug|Any CPU.Build.0 = Debug|Any CPU
		{880F798C-C711-4215-BD7E-BFFD3CF94FFC}.Release|Any CPU.ActiveCfg = Release|Any CPU
		{880F798C-C711-4215-BD7E-BFFD3CF94FFC}.Release|Any CPU.Build.0 = Release|Any CPU
	EndGlobalSection
	GlobalSection(SolutionProperties) = preSolution
		HideSolutionNode = FALSE
	EndGlobalSection
	GlobalSection(ExtensibilityGlobals) = postSolution
		SolutionGuid = {B416643E-064B-4550-88D5-BFBEDD6C9C3E}
	EndGlobalSection
EndGlobal
